{
    "_readme": [
        "This file locks the dependencies of your project to a known state",
        "Read more about it at https://getcomposer.org/doc/01-basic-usage.md#installing-dependencies",
        "This file is @generated automatically"
    ],
    "content-hash": "8a38cee81be4cf514552d135a727174e",
    "packages": [],
    "packages-dev": [
        {
            "name": "phalcon/devtools",
            "version": "v2.0.1",
            "source": {
                "type": "git",
                "url": "https://github.com/phalcon/phalcon-devtools.git",
                "reference": "c9bfb396123d2ad7deb90299ad5ae8d873341629"
            },
            "dist": {
                "type": "zip",
                "url": "https://api.github.com/repos/phalcon/phalcon-devtools/zipball/c9bfb396123d2ad7deb90299ad5ae8d873341629",
                "reference": "c9bfb396123d2ad7deb90299ad5ae8d873341629",
                "shasum": ""
            },
            "require": {
                "php": ">=5.3.9"
            },
            "bin": [
                "phalcon.php"
            ],
            "type": "library",
            "autoload": {
                "psr-0": {
                    "Phalcon": "scripts/"
                }
            },
            "notification-url": "https://packagist.org/downloads/",
            "license": [
                "BSD-3"
            ],
            "authors": [
                {
                    "name": "Phalcon Team",
                    "email": "team@phalconphp.com"
                }
            ],
            "description": "This tools provide you useful scripts to generate code helping to develop faster and easy applications that use with Phalcon framework.",
            "homepage": "http://phalconphp.com",
            "keywords": [
                "framework",
                "phalcon"
            ],
            "support": {
                "issues": "https://github.com/phalcon/phalcon-devtools/issues",
                "source": "https://github.com/phalcon/phalcon-devtools/tree/v2.0.1"
            },
            "time": "2015-05-07T18:23:31+00:00"
        }
    ],
    "aliases": [],
    "minimum-stability": "stable",
    "stability-flags": [],
    "prefer-stable": false,
    "prefer-lowest": false,
    "platform": [],
    "platform-dev": [],
    "plugin-api-version": "2.1.0"
}
